Microsoft Visual Studio Solution File, Format Version 12.00
# Visual Studio Version 17
VisualStudioVersion = 17.5.2.0
MinimumVisualStudioVersion = 10.0.40219.1
Project("{FAE04EC0-301F-11D3-BF4B-00C04F79EFBC}") = "Base", "Base\Base.csproj", "{ECBC681A-1E8C-E787-FE6E-5B478B8A26E4}"
EndProject
Project("{FAE04EC0-301F-11D3-BF4B-00C04F79EFBC}") = "Base.Tests", "Base.Tests\Base.Tests.csproj", "{AAAEA461-48D2-7B32-BD20-F99AB3561690}"
EndProject
Project("{FAE04EC0-301F-11D3-BF4B-00C04F79EFBC}") = "Auth", "Auth\Auth.csproj", "{334F3B23-EFE8-6F1A-5E5F-9A2275D56E28}"
EndProject
Global
	GlobalSection(SolutionConfigurationPlatforms) = preSolution
		Debug|Any CPU = Debug|Any CPU
		Release|Any CPU = Release|Any CPU
	EndGlobalSection
	GlobalSection(ProjectConfigurationPlatforms) = postSolution
		{ECBC681A-1E8C-E787-FE6E-5B478B8A26E4}.Debug|Any CPU.ActiveCfg = Debug|Any CPU
		{ECBC681A-1E8C-E787-FE6E-5B478B8A26E4}.Debug|Any CPU.Build.0 = Debug|Any CPU
		{ECBC681A-1E8C-E787-FE6E-5B478B8A26E4}.Release|Any CPU.ActiveCfg = Release|Any CPU
		{ECBC681A-1E8C-E787-FE6E-5B478B8A26E4}.Release|Any CPU.Build.0 = Release|Any CPU
		{AAAEA461-48D2-7B32-BD20-F99AB3561690}.Debug|Any CPU.ActiveCfg = Debug|Any CPU
		{AAAEA461-48D2-7B32-BD20-F99AB3561690}.Debug|Any CPU.Build.0 = Debug|Any CPU
		{AAAEA461-48D2-7B32-BD20-F99AB3561690}.Release|Any CPU.ActiveCfg = Release|Any CPU
		{AAAEA461-48D2-7B32-BD20-F99AB3561690}.Release|Any CPU.Build.0 = Release|Any CPU
		{334F3B23-EFE8-6F1A-5E5F-9A2275D56E28}.Debug|Any CPU.ActiveCfg = Debug|Any CPU
		{334F3B23-EFE8-6F1A-5E5F-9A2275D56E28}.Debug|Any CPU.Build.0 = Debug|Any CPU
		{334F3B23-EFE8-6F1A-5E5F-9A2275D56E28}.Release|Any CPU.ActiveCfg = Release|Any CPU
		{334F3B23-EFE8-6F1A-5E5F-9A2275D56E28}.Release|Any CPU.Build.0 = Release|Any CPU
	EndGlobalSection
	GlobalSection(SolutionProperties) = preSolution
		HideSolutionNode = FALSE
	EndGlobalSection
	GlobalSection(ExtensibilityGlobals) = postSolution
		SolutionGuid = {083B8FD7-C939-4821-82DE-E2B6E3F2540E}
	EndGlobalSection
EndGlobal
